
Microsoft Visual Studio Solution File, Format Version 12.00
# Visual Studio Version 16
VisualStudioVersion = 16.0.30517.126
MinimumVisualStudioVersion = 10.0.40219.1
Project("{8BC9CEB8-8B4A-11D0-8D11-00A0C91BC942}") = "CasaProyecto", "CasaProyecto\CasaProyecto.vcxproj", "{C506EE38-A52E-4662-91A8-8FDC852F1BFE}"
EndProject
Global
	GlobalSection(SolutionConfigurationPlatforms) = preSolution
		Debug|x64 = Debug|x64
		Debug|x86 = Debug|x86
		Release|x64 = Release|x64
		Release|x86 = Release|x86
	EndGlobalSection
	GlobalSection(ProjectConfigurationPlatforms) = postSolution
		{C506EE38-A52E-4662-91A8-8FDC852F1BFE}.Debug|x64.ActiveCfg = Debug|x64
		{C506EE38-A52E-4662-91A8-8FDC852F1BFE}.Debug|x64.Build.0 = Debug|x64
		{C506EE38-A52E-4662-91A8-8FDC852F1BFE}.Debug|x86.ActiveCfg = Debug|Win32
		{C506EE38-A52E-4662-91A8-8FDC852F1BFE}.Debug|x86.Build.0 = Debug|Win32
		{C506EE38-A52E-4662-91A8-8FDC852F1BFE}.Release|x64.ActiveCfg = Release|x64
		{C506EE38-A52E-4662-91A8-8FDC852F1BFE}.Release|x64.Build.0 = Release|x64
		{C506EE38-A52E-4662-91A8-8FDC852F1BFE}.Release|x86.ActiveCfg = Release|Win32
		{C506EE38-A52E-4662-91A8-8FDC852F1BFE}.Release|x86.Build.0 = Release|Win32
	EndGlobalSection
	GlobalSection(SolutionProperties) = preSolution
		HideSolutionNode = FALSE
	EndGlobalSection
	GlobalSection(ExtensibilityGlobals) = postSolution
		SolutionGuid = {DB45B801-675F-4C79-BAE4-601FA9F86840}
	EndGlobalSection
EndGlobal
